// !$*UTF8*$!
{
	archiveVersion = 1;
	classes = {
	};
	objectVersion = 50;
	objects = {

/* Begin PBXBuildFile section */
		05A7ADD45599123E6DD11BC0 /* Pods_BMICalculator.framework in Frameworks */ = {isa = PBXBuildFile; fileRef = AFDE954D613037784BD5D05B /* Pods_BMICalculator.framework */; };
		8A0F1605221D1F9D00805C38 /* SharedData.swift in Sources */ = {isa = PBXBuildFile; fileRef = 8A0F1604221D1F9D00805C38 /* SharedData.swift */; };
		8AD10693221329F70030DCE1 /* AppDelegate.swift in Sources */ = {isa = PBXBuildFile; fileRef = 8AD10692221329F70030DCE1 /* AppDelegate.swift */; };
		8AD10695221329F70030DCE1 /* ViewController.swift in Sources */ = {isa = PBXBuildFile; fileRef = 8AD10694221329F70030DCE1 /* ViewController.swift */; };
		8AD10698221329F70030DCE1 /* Main.storyboard in Resources */ = {isa = PBXBuildFile; fileRef = 8AD10696221329F70030DCE1 /* Main.storyboard */; };
		8AD1069A221329F90030DCE1 /* Assets.xcassets in Resources */ = {isa = PBXBuildFile; fileRef = 8AD10699221329F90030DCE1 /* Assets.xcassets */; };
		8AD1069D221329F90030DCE1 /* LaunchScreen.storyboard in Resources */ = {isa = PBXBuildFile; fileRef = 8AD1069B221329F90030DCE1 /* LaunchScreen.storyboard */; };
		8AD209E82216029E0025A6B4 /* TableViewController.swift in Sources */ = {isa = PBXBuildFile; fileRef = 8AD209E72216029E0025A6B4 /* TableViewController.swift */; };
		8AD209EA221603DF0025A6B4 /* LineChartViewController.swift in Sources */ = {isa = PBXBuildFile; fileRef = 8AD209E9221603DF0025A6B4 /* LineChartViewController.swift */; };
/* End PBXBuildFile section */

/* Begin PBXFileReference section */
		553F06E179D69231D26F3064 /* Pods-BMICalculator.debug.xcconfig */ = {isa = PBXFileReference; includeInIndex = 1; lastKnownFileType = text.xcconfig; name = "Pods-BMICalculator.debug.xcconfig"; path = "Pods/Target Support Files/Pods-BMICalculator/Pods-BMICalculator.debug.xcconfig"; sourceTree = "<group>"; };
		8A0F1604221D1F9D00805C38 /* SharedData.swift */ = {isa = PBXFileReference; lastKnownFileType = sourcecode.swift; path = SharedData.swift; sourceTree = "<group>"; };
		8AD1068F221329F70030DCE1 /* BMICalculator.app */ = {isa = PBXFileReference; explicitFileType = wrapper.application; includeInIndex = 0; path = BMICalculator.app; sourceTree = BUILT_PRODUCTS_DIR; };
		8AD10692221329F70030DCE1 /* AppDelegate.swift */ = {isa = PBXFileReference; lastKnownFileType = sourcecode.swift; path = AppDelegate.swift; sourceTree = "<group>"; };
		8AD10694221329F70030DCE1 /* ViewController.swift */ = {isa = PBXFileReference; lastKnownFileType = sourcecode.swift; path = ViewController.swift; sourceTree = "<group>"; };
		8AD10697221329F70030DCE1 /* Base */ = {isa = PBXFileReference; lastKnownFileType = file.storyboard; name = Base; path = Base.lproj/Main.storyboard; sourceTree = "<group>"; };
		8AD10699221329F90030DCE1 /* Assets.xcassets */ = {isa = PBXFileReference; lastKnownFileType = folder.assetcatalog; path = Assets.xcassets; sourceTree = "<group>"; };
		8AD1069C221329F90030DCE1 /* Base */ = {isa = PBXFileReference; lastKnownFileType = file.storyboard; name = Base; path = Base.lproj/LaunchScreen.storyboard; sourceTree = "<group>"; };
		8AD1069E221329F90030DCE1 /* Info.plist */ = {isa = PBXFileReference; lastKnownFileType = text.plist.xml; path = Info.plist; sourceTree = "<group>"; };
		8AD209E72216029E0025A6B4 /* TableViewController.swift */ = {isa = PBXFileReference; lastKnownFileType = sourcecode.swift; path = TableViewController.swift; sourceTree = "<group>"; };
		8AD209E9221603DF0025A6B4 /* LineChartViewController.swift */ = {isa = PBXFileReference; lastKnownFileType = sourcecode.swift; path = LineChartViewController.swift; sourceTree = "<group>"; };
		AACDC5FB9FEF6C00F0850B35 /* Pods-BMICalculator.release.xcconfig */ = {isa = PBXFileReference; includeInIndex = 1; lastKnownFileType = text.xcconfig; name = "Pods-BMICalculator.release.xcconfig"; path = "Pods/Target Support Files/Pods-BMICalculator/Pods-BMICalculator.release.xcconfig"; sourceTree = "<group>"; };
		AFDE954D613037784BD5D05B /* Pods_BMICalculator.framework */ = {isa = PBXFileReference; explicitFileType = wrapper.framework; includeInIndex = 0; path = Pods_BMICalculator.framework; sourceTree = BUILT_PRODUCTS_DIR; };
/* End PBXFileReference section */

/* Begin PBXFrameworksBuildPhase section */
		8AD1068C221329F70030DCE1 /* Frameworks */ = {
			isa = PBXFrameworksBuildPhase;
			buildActionMask = 2147483647;
			files = (
				05A7ADD45599123E6DD11BC0 /* Pods_BMICalculator.framework in Frameworks */,
			);
			runOnlyForDeploymentPostprocessing = 0;
		};
/* End PBXFrameworksBuildPhase section */

/* Begin PBXGroup section */
		21C0A4033935DA34FD6753B4 /* Pods */ = {
			isa = PBXGroup;
			children = (
				553F06E179D69231D26F3064 /* Pods-BMICalculator.debug.xcconfig */,
				AACDC5FB9FEF6C00F0850B35 /* Pods-BMICalculator.release.xcconfig */,
			);
			name = Pods;
			sourceTree = "<group>";
		};
		8A31F8202217817500E672E8 /* Supporting files */ = {
			isa = PBXGroup;
			children = (
			);
			path = "Supporting files";
			sourceTree = "<group>";
		};
		8A31F8212217818300E672E8 /* Controllers */ = {
			isa = PBXGroup;
			children = (
				8AD10692221329F70030DCE1 /* AppDelegate.swift */,
				8AD10694221329F70030DCE1 /* ViewController.swift */,
				8AD209E72216029E0025A6B4 /* TableViewController.swift */,
				8AD209E9221603DF0025A6B4 /* LineChartViewController.swift */,
			);
			path = Controllers;
			sourceTree = "<group>";
		};
		8A31F8222217819100E672E8 /* Views */ = {
			isa = PBXGroup;
			children = (
				8AD10696221329F70030DCE1 /* Main.storyboard */,
				8AD10699221329F90030DCE1 /* Assets.xcassets */,
				8AD1069B221329F90030DCE1 /* LaunchScreen.storyboard */,
			);
			path = Views;
			sourceTree = "<group>";
		};
		8A31F8232217819700E672E8 /* Model */ = {
			isa = PBXGroup;
			children = (
				8A0F1604221D1F9D00805C38 /* SharedData.swift */,
			);
			path = Model;
			sourceTree = "<group>";
		};
		8AD10686221329F70030DCE1 = {
			isa = PBXGroup;
			children = (
				8AD10691221329F70030DCE1 /* BMICalculator */,
				8AD10690221329F70030DCE1 /* Products */,
				21C0A4033935DA34FD6753B4 /* Pods */,
				F46C895493B2623BB07CE314 /* Frameworks */,
			);
			sourceTree = "<group>";
		};
		8AD10690221329F70030DCE1 /* Products */ = {
			isa = PBXGroup;
			children = (
				8AD1068F221329F70030DCE1 /* BMICalculator.app */,
			);
			name = Products;
			sourceTree = "<group>";
		};
		8AD10691221329F70030DCE1 /* BMICalculator */ = {
			isa = PBXGroup;
			children = (
				8A31F8232217819700E672E8 /* Model */,
				8A31F8222217819100E672E8 /* Views */,
				8A31F8212217818300E672E8 /* Controllers */,
				8A31F8202217817500E672E8 /* Supporting files */,
				8AD1069E221329F90030DCE1 /* Info.plist */,
			);
			path = BMICalculator;
			sourceTree = "<group>";
		};
		F46C895493B2623BB07CE314 /* Frameworks */ = {
			isa = PBXGroup;
			children = (
				AFDE954D613037784BD5D05B /* Pods_BMICalculator.framework */,
			);
			name = Frameworks;
			sourceTree = "<group>";
		};
/* End PBXGroup section */

/* Begin PBXNativeTarget section */
		8AD1068E221329F70030DCE1 /* BMICalculator */ = {
			isa = PBXNativeTarget;
			buildConfigurationList = 8AD106A1221329F90030DCE1 /* Build configuration list for PBXNativeTarget "BMICalculator" */;
			buildPhases = (
				56A586C21887BE9C0C748C65 /* [CP] Check Pods Manifest.lock */,
				8AD1068B221329F70030DCE1 /* Sources */,
				8AD1068C221329F70030DCE1 /* Frameworks */,
				8AD1068D221329F70030DCE1 /* Resources */,
				565D104C7E179FA854D50669 /* [CP] Embed Pods Frameworks */,
			);
			buildRules = (
			);
			dependencies = (
			);
			name = BMICalculator;
			productName = BMICalculator;
			productReference = 8AD1068F221329F70030DCE1 /* BMICalculator.app */;
			productType = "com.apple.product-type.application";
		};
/* End PBXNativeTarget section */

/* Begin PBXProject section */
		8AD10687221329F70030DCE1 /* Project object */ = {
			isa = PBXProject;
			attributes = {
				LastSwiftUpdateCheck = 1010;
				LastUpgradeCheck = 1010;
				ORGANIZATIONNAME = "Yuki Kakegawa";
				TargetAttributes = {
					8AD1068E221329F70030DCE1 = {
						CreatedOnToolsVersion = 10.1;
					};
				};
			};
			buildConfigurationList = 8AD1068A221329F70030DCE1 /* Build configuration list for PBXProject "BMICalculator" */;
			compatibilityVersion = "Xcode 9.3";
			developmentRegion = en;
			hasScannedForEncodings = 0;
			knownRegions = (
				en,
				Base,
			);
			mainGroup = 8AD10686221329F70030DCE1;
			productRefGroup = 8AD10690221329F70030DCE1 /* Products */;
			projectDirPath = "";
			projectRoot = "";
			targets = (
				8AD1068E221329F70030DCE1 /* BMICalculator */,
			);
		};
/* End PBXProject section */

/* Begin PBXResourcesBuildPhase section */
		8AD1068D221329F70030DCE1 /* Resources */ = {
			isa = PBXResourcesBuildPhase;
			buildActionMask = 2147483647;
			files = (
				8AD1069D221329F90030DCE1 /* LaunchScreen.storyboard in Resources */,
				8AD1069A221329F90030DCE1 /* Assets.xcassets in Resources */,
				8AD10698221329F70030DCE1 /* Main.storyboard in Resources */,
			);
			runOnlyForDeploymentPostprocessing = 0;
		};
/* End PBXResourcesBuildPhase section */

/* Begin PBXShellScriptBuildPhase section */
		565D104C7E179FA854D50669 /* [CP] Embed Pods Frameworks */ = {
			isa = PBXShellScriptBuildPhase;
			buildActionMask = 2147483647;
			files = (
			);
			inputFileListPaths = (
			);
			inputPaths = (
				"${SRCROOT}/Pods/Target Support Files/Pods-BMICalculator/Pods-BMICalculator-frameworks.sh",
				"${BUILT_PRODUCTS_DIR}/Realm/Realm.framework",
				"${BUILT_PRODUCTS_DIR}/RealmSwift/RealmSwift.framework",
				"${BUILT_PRODUCTS_DIR}/SwipeCellKit/SwipeCellKit.framework",
			);
			name = "[CP] Embed Pods Frameworks";
			outputFileListPaths = (
			);
			outputPaths = (
				"${TARGET_BUILD_DIR}/${FRAMEWORKS_FOLDER_PATH}/Realm.framework",
				"${TARGET_BUILD_DIR}/${FRAMEWORKS_FOLDER_PATH}/RealmSwift.framework",
				"${TARGET_BUILD_DIR}/${FRAMEWORKS_FOLDER_PATH}/SwipeCellKit.framework",
			);
			runOnlyForDeploymentPostprocessing = 0;
			shellPath = /bin/sh;
			shellScript = "\"${SRCROOT}/Pods/Target Support Files/Pods-BMICalculator/Pods-BMICalculator-frameworks.sh\"\n";
			showEnvVarsInLog = 0;
		};
		56A586C21887BE9C0C748C65 /* [CP] Check Pods Manifest.lock */ = {
			isa = PBXShellScriptBuildPhase;
			buildActionMask = 2147483647;
			files = (
			);
			inputFileListPaths = (
			);
			inputPaths = (
				"${PODS_PODFILE_DIR_PATH}/Podfile.lock",
				"${PODS_ROOT}/Manifest.lock",
			);
			name = "[CP] Check Pods Manifest.lock";
			outputFileListPaths = (
			);
			outputPaths = (
				"$(DERIVED_FILE_DIR)/Pods-BMICalculator-checkManifestLockResult.txt",
			);
			runOnlyForDeploymentPostprocessing = 0;
			shellPath = /bin/sh;
			shellScript = "diff \"${PODS_PODFILE_DIR_PATH}/Podfile.lock\" \"${PODS_ROOT}/Manifest.lock\" > /dev/null\nif [ $? != 0 ] ; then\n    # print error to STDERR\n    echo \"error: The sandbox is not in sync with the Podfile.lock. Run 'pod install' or update your CocoaPods installation.\" >&2\n    exit 1\nfi\n# This output is used by Xcode 'outputs' to avoid re-running this script phase.\necho \"SUCCESS\" > \"${SCRIPT_OUTPUT_FILE_0}\"\n";
			showEnvVarsInLog = 0;
		};
/* End PBXShellScriptBuildPhase section */

/* Begin PBXSourcesBuildPhase section */
		8AD1068B221329F70030DCE1 /* Sources */ = {
			isa = PBXSourcesBuildPhase;
			buildActionMask = 2147483647;
			files = (
				8AD10695221329F70030DCE1 /* ViewController.swift in Sources */,
				8A0F1605221D1F9D00805C38 /* SharedData.swift in Sources */,
				8AD209EA221603DF0025A6B4 /* LineChartViewController.swift in Sources */,
				8AD209E82216029E0025A6B4 /* TableViewController.swift in Sources */,
				8AD10693221329F70030DCE1 /* AppDelegate.swift in Sources */,
			);
			runOnlyForDeploymentPostprocessing = 0;
		};
/* End PBXSourcesBuildPhase section */

/* Begin PBXVariantGroup section */
		8AD10696221329F70030DCE1 /* Main.storyboard */ = {
			isa = PBXVariantGroup;
			children = (
				8AD10697221329F70030DCE1 /* Base */,
			);
			name = Main.storyboard;
			sourceTree = "<group>";
		};
		8AD1069B221329F90030DCE1 /* LaunchScreen.storyboard */ = {
			isa = PBXVariantGroup;
			children = (
				8AD1069C221329F90030DCE1 /* Base */,
			);
			name = LaunchScreen.storyboard;
			sourceTree = "<group>";
		};
/* End PBXVariantGroup section */

/* Begin XCBuildConfiguration section */
		8AD1069F221329F90030DCE1 /* Debug */ = {
			isa = XCBuildConfiguration;
			buildSettings = {
				ALWAYS_SEARCH_USER_PATHS = NO;
				CLANG_ANALYZER_NONNULL = YES;
				CLANG_ANALYZER_NUMBER_OBJECT_CONVERSION = YES_AGGRESSIVE;
				CLANG_CXX_LANGUAGE_STANDARD = "gnu++14";
				CLANG_CXX_LIBRARY = "libc++";
				CLANG_ENABLE_MODULES = YES;
				CLANG_ENABLE_OBJC_ARC = YES;
				CLANG_ENABLE_OBJC_WEAK = YES;
				CLANG_WARN_BLOCK_CAPTURE_AUTORELEASING = YES;
				CLANG_WARN_BOOL_CONVERSION = YES;
				CLANG_WARN_COMMA = YES;
				CLANG_WARN_CONSTANT_CONVERSION = YES;
				CLANG_WARN_DEPRECATED_OBJC_IMPLEMENTATIONS = YES;
				CLANG_WARN_DIRECT_OBJC_ISA_USAGE = YES_ERROR;
				CLANG_WARN_DOCUMENTATION_COMMENTS = YES;
				CLANG_WARN_EMPTY_BODY = YES;
				CLANG_WARN_ENUM_CONVERSION = YES;
				CLANG_WARN_INFINITE_RECURSION = YES;
				CLANG_WARN_INT_CONVERSION = YES;
				CLANG_WARN_NON_LITERAL_NULL_CONVERSION = YES;
				CLANG_WARN_OBJC_IMPLICIT_RETAIN_SELF = YES;
				CLANG_WARN_OBJC_LITERAL_CONVERSION = YES;
				CLANG_WARN_OBJC_ROOT_CLASS = YES_ERROR;
				CLANG_WARN_RANGE_LOOP_ANALYSIS = YES;
				CLANG_WARN_STRICT_PROTOTYPES = YES;
				CLANG_WARN_SUSPICIOUS_MOVE = YES;
				CLANG_WARN_UNGUARDED_AVAILABILITY = YES_AGGRESSIVE;
				CLANG_WARN_UNREACHABLE_CODE = YES;
				CLANG_WARN__DUPLICATE_METHOD_MATCH = YES;
				CODE_SIGN_IDENTITY = "iPhone Developer";
				COPY_PHASE_STRIP = NO;
				DEBUG_INFORMATION_FORMAT = dwarf;
				ENABLE_STRICT_OBJC_MSGSEND = YES;
				ENABLE_TESTABILITY = YES;
				GCC_C_LANGUAGE_STANDARD = gnu11;
				GCC_DYNAMIC_NO_PIC = NO;
				GCC_NO_COMMON_BLOCKS = YES;
				GCC_OPTIMIZATION_LEVEL = 0;
				GCC_PREPROCESSOR_DEFINITIONS = (
					"DEBUG=1",
					"$(inherited)",
				);
				GCC_WARN_64_TO_32_BIT_CONVERSION = YES;
				GCC_WARN_ABOUT_RETURN_TYPE = YES_ERROR;
				GCC_WARN_UNDECLARED_SELECTOR = YES;
				GCC_WARN_UNINITIALIZED_AUTOS = YES_AGGRESSIVE;
				GCC_WARN_UNUSED_FUNCTION = YES;
				GCC_WARN_UNUSED_VARIABLE = YES;
				IPHONEOS_DEPLOYMENT_TARGET = 12.1;
				MTL_ENABLE_DEBUG_INFO = INCLUDE_SOURCE;
				MTL_FAST_MATH = YES;
				ONLY_ACTIVE_ARCH = YES;
				SDKROOT = iphoneos;
				SWIFT_ACTIVE_COMPILATION_CONDITIONS = DEBUG;
				SWIFT_OPTIMIZATION_LEVEL = "-Onone";
			};
			name = Debug;
		};
		8AD106A0221329F90030DCE1 /* Release */ = {
			isa = XCBuildConfiguration;
			buildSettings = {
				ALWAYS_SEARCH_USER_PATHS = NO;
				CLANG_ANALYZER_NONNULL = YES;
				CLANG_ANALYZER_NUMBER_OBJECT_CONVERSION = YES_AGGRESSIVE;
				CLANG_CXX_LANGUAGE_STANDARD = "gnu++14";
				CLANG_CXX_LIBRARY = "libc++";
				CLANG_ENABLE_MODULES = YES;
				CLANG_ENABLE_OBJC_ARC = YES;
				CLANG_ENABLE_OBJC_WEAK = YES;
				CLANG_WARN_BLOCK_CAPTURE_AUTORELEASING = YES;
				CLANG_WARN_BOOL_CONVERSION = YES;
				CLANG_WARN_COMMA = YES;
				CLANG_WARN_CONSTANT_CONVERSION = YES;
				CLANG_WARN_DEPRECATED_OBJC_IMPLEMENTATIONS = YES;
				CLANG_WARN_DIRECT_OBJC_ISA_USAGE = YES_ERROR;
				CLANG_WARN_DOCUMENTATION_COMMENTS = YES;
				CLANG_WARN_EMPTY_BODY = YES;
				CLANG_WARN_ENUM_CONVERSION = YES;
				CLANG_WARN_INFINITE_RECURSION = YES;
				CLANG_WARN_INT_CONVERSION = YES;
				CLANG_WARN_NON_LITERAL_NULL_CONVERSION = YES;
				CLANG_WARN_OBJC_IMPLICIT_RETAIN_SELF = YES;
				CLANG_WARN_OBJC_LITERAL_CONVERSION = YES;
				CLANG_WARN_OBJC_ROOT_CLASS = YES_ERROR;
				CLANG_WARN_RANGE_LOOP_ANALYSIS = YES;
				CLANG_WARN_STRICT_PROTOTYPES = YES;
				CLANG_WARN_SUSPICIOUS_MOVE = YES;
				CLANG_WARN_UNGUARDED_AVAILABILITY = YES_AGGRESSIVE;
				CLANG_WARN_UNREACHABLE_CODE = YES;
				CLANG_WARN__DUPLICATE_METHOD_MATCH = YES;
				CODE_SIGN_IDENTITY = "iPhone Developer";
				COPY_PHASE_STRIP = NO;
				DEBUG_INFORMATION_FORMAT = "dwarf-with-dsym";
				ENABLE_NS_ASSERTIONS = NO;
				ENABLE_STRICT_OBJC_MSGSEND = YES;
				GCC_C_LANGUAGE_STANDARD = gnu11;
				GCC_NO_COMMON_BLOCKS = YES;
				GCC_WARN_64_TO_32_BIT_CONVERSION = YES;
				GCC_WARN_ABOUT_RETURN_TYPE = YES_ERROR;
				GCC_WARN_UNDECLARED_SELECTOR = YES;
				GCC_WARN_UNINITIALIZED_AUTOS = YES_AGGRESSIVE;
				GCC_WARN_UNUSED_FUNCTION = YES;
				GCC_WARN_UNUSED_VARIABLE = YES;
				IPHONEOS_DEPLOYMENT_TARGET = 12.1;
				MTL_ENABLE_DEBUG_INFO = NO;
				MTL_FAST_MATH = YES;
				SDKROOT = iphoneos;
				SWIFT_COMPILATION_MODE = wholemodule;
				SWIFT_OPTIMIZATION_LEVEL = "-O";
				VALIDATE_PRODUCT = YES;
			};
			name = Release;
		};
		8AD106A2221329F90030DCE1 /* Debug */ = {
			isa = XCBuildConfiguration;
			baseConfigurationReference = 553F06E179D69231D26F3064 /* Pods-BMICalculator.debug.xcconfig */;
			buildSettings = {
				ASSETCATALOG_COMPILER_APPICON_NAME = AppIcon;
				CODE_SIGN_STYLE = Automatic;
				DEVELOPMENT_TEAM = XGX8WJY59J;
				INFOPLIST_FILE = BMICalculator/Info.plist;
				LD_RUNPATH_SEARCH_PATHS = (
					"$(inherited)",
					"@executable_path/Frameworks",
				);
				PRODUCT_BUNDLE_IDENTIFIER = com.yukikakegawa.BMICalculator;
				PRODUCT_NAME = "$(TARGET_NAME)";
				SWIFT_VERSION = 4.2;
				TARGETED_DEVICE_FAMILY = "1,2";
			};
			name = Debug;
		};
		8AD106A3221329F90030DCE1 /* Release */ = {
			isa = XCBuildConfiguration;
			baseConfigurationReference = AACDC5FB9FEF6C00F0850B35 /* Pods-BMICalculator.release.xcconfig */;
			buildSettings = {
				ASSETCATALOG_COMPILER_APPICON_NAME = AppIcon;
				CODE_SIGN_STYLE = Automatic;
				DEVELOPMENT_TEAM = XGX8WJY59J;
				INFOPLIST_FILE = BMICalculator/Info.plist;
				LD_RUNPATH_SEARCH_PATHS = (
					"$(inherited)",
					"@executable_path/Frameworks",
				);
				PRODUCT_BUNDLE_IDENTIFIER = com.yukikakegawa.BMICalculator;
				PRODUCT_NAME = "$(TARGET_NAME)";
				SWIFT_VERSION = 4.2;
				TARGETED_DEVICE_FAMILY = "1,2";
			};
			name = Release;
		};
/* End XCBuildConfiguration section */

/* Begin XCConfigurationList section */
		8AD1068A221329F70030DCE1 /* Build configuration list for PBXProject "BMICalculator" */ = {
			isa = XCConfigurationList;
			buildConfigurations = (
				8AD1069F221329F90030DCE1 /* Debug */,
				8AD106A0221329F90030DCE1 /* Release */,
			);
			defaultConfigurationIsVisible = 0;
			defaultConfigurationName = Release;
		};
		8AD106A1221329F90030DCE1 /* Build configuration list for PBXNativeTarget "BMICalculator" */ = {
			isa = XCConfigurationList;
			buildConfigurations = (
				8AD106A2221329F90030DCE1 /* Debug */,
				8AD106A3221329F90030DCE1 /* Release */,
			);
			defaultConfigurationIsVisible = 0;
			defaultConfigurationName = Release;
		};
/* End XCConfigurationList section */
	};
	rootObject = 8AD10687221329F70030DCE1 /* Project object */;
}
